# THIS IS AN AUTOGENERATED FILE. DO NOT EDIT THIS FILE DIRECTLY.
# yarn lockfile v1


fs-ext@^2.0.0:
  version "2.0.0"
  resolved "https://registry.yarnpkg.com/fs-ext/-/fs-ext-2.0.0.tgz#e58168fcc37506a9358e0928f4aae60912af7caa"
  integrity sha512-aK8NlpSO5LUdSoWeshpnkgtptbua1rGo58Wc+mHQ2+JnoBlubMTsnV56Swl4bA0msrgAhG8TDu1aGS8deJwzBQ==
  dependencies:
    nan "^2.14.0"

named-mutex@^1.0.4:
  version "1.0.4"
  resolved "https://registry.yarnpkg.com/named-mutex/-/named-mutex-1.0.4.tgz#c34782b4e44fd082c2c454e6ca2862792aa9f5ae"
  integrity sha512-drggbnF3jG+gag3DWMavGtZjmVrGdj2n3JBCb6vEEt4GMqtp40JbKfNfZd//GmcIAYUkR/XENisrLkaUZYQJAA==
  dependencies:
    fs-ext "^2.0.0"
    poll "^1.0.1"

nan@^2.14.0:
  version "2.17.0"
  resolved "https://registry.yarnpkg.com/nan/-/nan-2.17.0.tgz#c0150a2368a182f033e9aa5195ec76ea41a199cb"
  integrity sha512-2ZTgtl0nJsO0KQCjEpxcIr5D+Yv90plTitZt9JBfQvVJDS5seMl3FOvsh3+9CoYWXf/1l5OaZzzF6nDm4cagaQ==

poll@^1.0.1:
  version "1.0.1"
  resolved "https://registry.yarnpkg.com/poll/-/poll-1.0.1.tgz#33931945f9580e17a2fef61957efc8d08b103365"
  integrity sha512-pr4ceyxHUwuaVl13vj1gnnVa6z1LHp5/yof8uHf5oFZYwzd0s4cc7K1MR5tS0I4Mps1FJRARfrHyUkSfz9vV2A==
